{
  "version": "3",
  "packages": {
    "specifiers": {
      "jsr:@hono/hono@^4.5.10": "jsr:@hono/hono@4.5.10"
    },
    "jsr": {
      "@hono/hono@4.5.10": {
        "integrity": "801fe47e233b53480322f7a17c621ceb5e9b4335e5fdc14cfc0c7696e8396c34"
      }
    }
  },
  "remote": {},
  "workspace": {
    "dependencies": [
      "jsr:@hono/hono@^4.5.10"
    ]
  }
}
